
Microsoft Visual Studio Solution File, Format Version 12.00
# Visual Studio Version 17
VisualStudioVersion = 17.3.32804.467
MinimumVisualStudioVersion = 10.0.40219.1
Project("{9A19103F-16F7-4668-BE54-9A1E7A4F7556}") = "Timer", "Timer\Timer.csproj", "{A3B704BB-9CE1-4D00-A180-04E6C66681B6}"
EndProject
Project("{9A19103F-16F7-4668-BE54-9A1E7A4F7556}") = "TimerApi", "TimerApi\TimerApi.csproj", "{0AD6AD64-C48B-4607-A70F-14EF8D95BD3A}"
EndProject
Project("{FAE04EC0-301F-11D3-BF4B-00C04F79EFBC}") = "TimerContext", "TimerContext\TimerContext.csproj", "{C58A5CE0-5A5B-4C05-8201-AED126CC0634}"
EndProject
Project("{FAE04EC0-301F-11D3-BF4B-00C04F79EFBC}") = "TimerApiHelper", "TimerApiHelper\TimerApiHelper.csproj", "{FDEC89A7-F8EC-49AB-988E-974AD70C6E4D}"
EndProject
Global
	GlobalSection(SolutionConfigurationPlatforms) = preSolution
		Debug|Any CPU = Debug|Any CPU
		Release|Any CPU = Release|Any CPU
	EndGlobalSection
	GlobalSection(ProjectConfigurationPlatforms) = postSolution
		{A3B704BB-9CE1-4D00-A180-04E6C66681B6}.Debug|Any CPU.ActiveCfg = Debug|Any CPU
		{A3B704BB-9CE1-4D00-A180-04E6C66681B6}.Debug|Any CPU.Build.0 = Debug|Any CPU
		{A3B704BB-9CE1-4D00-A180-04E6C66681B6}.Release|Any CPU.ActiveCfg = Release|Any CPU
		{A3B704BB-9CE1-4D00-A180-04E6C66681B6}.Release|Any CPU.Build.0 = Release|Any CPU
		{0AD6AD64-C48B-4607-A70F-14EF8D95BD3A}.Debug|Any CPU.ActiveCfg = Debug|Any CPU
		{0AD6AD64-C48B-4607-A70F-14EF8D95BD3A}.Debug|Any CPU.Build.0 = Debug|Any CPU
		{0AD6AD64-C48B-4607-A70F-14EF8D95BD3A}.Release|Any CPU.ActiveCfg = Release|Any CPU
		{0AD6AD64-C48B-4607-A70F-14EF8D95BD3A}.Release|Any CPU.Build.0 = Release|Any CPU
		{C58A5CE0-5A5B-4C05-8201-AED126CC0634}.Debug|Any CPU.ActiveCfg = Debug|Any CPU
		{C58A5CE0-5A5B-4C05-8201-AED126CC0634}.Debug|Any CPU.Build.0 = Debug|Any CPU
		{C58A5CE0-5A5B-4C05-8201-AED126CC0634}.Release|Any CPU.ActiveCfg = Release|Any CPU
		{C58A5CE0-5A5B-4C05-8201-AED126CC0634}.Release|Any CPU.Build.0 = Release|Any CPU
		{FDEC89A7-F8EC-49AB-988E-974AD70C6E4D}.Debug|Any CPU.ActiveCfg = Debug|Any CPU
		{FDEC89A7-F8EC-49AB-988E-974AD70C6E4D}.Debug|Any CPU.Build.0 = Debug|Any CPU
		{FDEC89A7-F8EC-49AB-988E-974AD70C6E4D}.Release|Any CPU.ActiveCfg = Release|Any CPU
		{FDEC89A7-F8EC-49AB-988E-974AD70C6E4D}.Release|Any CPU.Build.0 = Release|Any CPU
	EndGlobalSection
	GlobalSection(SolutionProperties) = preSolution
		HideSolutionNode = FALSE
	EndGlobalSection
	GlobalSection(ExtensibilityGlobals) = postSolution
		SolutionGuid = {AB988697-0356-4C49-B8E6-88B01178AFE6}
	EndGlobalSection
EndGlobal
